
Microsoft Visual Studio Solution File, Format Version 12.00
# Visual Studio Version 17
VisualStudioVersion = 17.14.37111.16 d17.14
MinimumVisualStudioVersion = 10.0.40219.1
Project("{FAE04EC0-301F-11D3-BF4B-00C04F79EFBC}") = "task-02-oop", "task-02-oop.csproj", "{0430956B-A449-4B02-9D4F-F0F5020934A4}"
EndProject
Global
	GlobalSection(SolutionConfigurationPlatforms) = preSolution
		Debug|Any CPU = Debug|Any CPU
		Release|Any CPU = Release|Any CPU
	EndGlobalSection
	GlobalSection(ProjectConfigurationPlatforms) = postSolution
		{0430956B-A449-4B02-9D4F-F0F5020934A4}.Debug|Any CPU.ActiveCfg = Debug|Any CPU
		{0430956B-A449-4B02-9D4F-F0F5020934A4}.Debug|Any CPU.Build.0 = Debug|Any CPU
		{0430956B-A449-4B02-9D4F-F0F5020934A4}.Release|Any CPU.ActiveCfg = Release|Any CPU
		{0430956B-A449-4B02-9D4F-F0F5020934A4}.Release|Any CPU.Build.0 = Release|Any CPU
	EndGlobalSection
	GlobalSection(SolutionProperties) = preSolution
		HideSolutionNode = FALSE
	EndGlobalSection
	GlobalSection(ExtensibilityGlobals) = postSolution
		SolutionGuid = {AD92564D-6D80-4D75-87D6-FD3220C5D6D3}
	EndGlobalSection
EndGlobal
