
Microsoft Visual Studio Solution File, Format Version 12.00
# Visual Studio Version 17
VisualStudioVersion = 17.14.37314.3 d17.14
MinimumVisualStudioVersion = 10.0.40219.1
Project("{FAE04EC0-301F-11D3-BF4B-00C04F79EFBC}") = "Nix.Oop.Encapsulation", "Nix.Oop.Encapsulation.csproj", "{87636BF1-657B-48CB-8D52-31456C7C571F}"
EndProject
Global
	GlobalSection(SolutionConfigurationPlatforms) = preSolution
		Debug|Any CPU = Debug|Any CPU
		Release|Any CPU = Release|Any CPU
	EndGlobalSection
	GlobalSection(ProjectConfigurationPlatforms) = postSolution
		{87636BF1-657B-48CB-8D52-31456C7C571F}.Debug|Any CPU.ActiveCfg = Debug|Any CPU
		{87636BF1-657B-48CB-8D52-31456C7C571F}.Debug|Any CPU.Build.0 = Debug|Any CPU
		{87636BF1-657B-48CB-8D52-31456C7C571F}.Release|Any CPU.ActiveCfg = Release|Any CPU
		{87636BF1-657B-48CB-8D52-31456C7C571F}.Release|Any CPU.Build.0 = Release|Any CPU
	EndGlobalSection
	GlobalSection(SolutionProperties) = preSolution
		HideSolutionNode = FALSE
	EndGlobalSection
	GlobalSection(ExtensibilityGlobals) = postSolution
		SolutionGuid = {FEE817B0-2C88-4798-B434-3B3B0E44997D}
	EndGlobalSection
EndGlobal
