
Microsoft Visual Studio Solution File, Format Version 12.00
# Visual Studio Version 17
VisualStudioVersion = 17.14.37111.16 d17.14
MinimumVisualStudioVersion = 10.0.40219.1
Project("{FAE04EC0-301F-11D3-BF4B-00C04F79EFBC}") = "LogAnalysisTool", "LogAnalysisTool.csproj", "{7CD4CA71-0D7B-1036-9639-E312B49DE448}"
EndProject
Global
	GlobalSection(SolutionConfigurationPlatforms) = preSolution
		Debug|Any CPU = Debug|Any CPU
		Release|Any CPU = Release|Any CPU
	EndGlobalSection
	GlobalSection(ProjectConfigurationPlatforms) = postSolution
		{7CD4CA71-0D7B-1036-9639-E312B49DE448}.Debug|Any CPU.ActiveCfg = Debug|Any CPU
		{7CD4CA71-0D7B-1036-9639-E312B49DE448}.Debug|Any CPU.Build.0 = Debug|Any CPU
		{7CD4CA71-0D7B-1036-9639-E312B49DE448}.Release|Any CPU.ActiveCfg = Release|Any CPU
		{7CD4CA71-0D7B-1036-9639-E312B49DE448}.Release|Any CPU.Build.0 = Release|Any CPU
	EndGlobalSection
	GlobalSection(SolutionProperties) = preSolution
		HideSolutionNode = FALSE
	EndGlobalSection
	GlobalSection(ExtensibilityGlobals) = postSolution
		SolutionGuid = {57CF0254-44CB-460C-BCD5-F5870E31AADF}
	EndGlobalSection
EndGlobal
