
Microsoft Visual Studio Solution File, Format Version 12.00
# Visual Studio Version 17
VisualStudioVersion = 17.14.37111.16 d17.14
MinimumVisualStudioVersion = 10.0.40219.1
Project("{FAE04EC0-301F-11D3-BF4B-00C04F79EFBC}") = "task-06-methods", "task-06-methods.csproj", "{F490F376-FF9B-491E-A818-22E463BB8927}"
EndProject
Global
	GlobalSection(SolutionConfigurationPlatforms) = preSolution
		Debug|Any CPU = Debug|Any CPU
		Release|Any CPU = Release|Any CPU
	EndGlobalSection
	GlobalSection(ProjectConfigurationPlatforms) = postSolution
		{F490F376-FF9B-491E-A818-22E463BB8927}.Debug|Any CPU.ActiveCfg = Debug|Any CPU
		{F490F376-FF9B-491E-A818-22E463BB8927}.Debug|Any CPU.Build.0 = Debug|Any CPU
		{F490F376-FF9B-491E-A818-22E463BB8927}.Release|Any CPU.ActiveCfg = Release|Any CPU
		{F490F376-FF9B-491E-A818-22E463BB8927}.Release|Any CPU.Build.0 = Release|Any CPU
	EndGlobalSection
	GlobalSection(SolutionProperties) = preSolution
		HideSolutionNode = FALSE
	EndGlobalSection
	GlobalSection(ExtensibilityGlobals) = postSolution
		SolutionGuid = {88313709-8DF0-47E1-909A-7C82F60589E0}
	EndGlobalSection
EndGlobal
