
Microsoft Visual Studio Solution File, Format Version 12.00
# Visual Studio Version 17
VisualStudioVersion = 17.14.37314.3 d17.14
MinimumVisualStudioVersion = 10.0.40219.1
Project("{FAE04EC0-301F-11D3-BF4B-00C04F79EFBC}") = "NIX.OOP.ExtensionMethods", "NIX.OOP.ExtensionMethods.csproj", "{7EBDA2C8-D106-4598-A993-DFEA861C5187}"
EndProject
Global
	GlobalSection(SolutionConfigurationPlatforms) = preSolution
		Debug|Any CPU = Debug|Any CPU
		Release|Any CPU = Release|Any CPU
	EndGlobalSection
	GlobalSection(ProjectConfigurationPlatforms) = postSolution
		{7EBDA2C8-D106-4598-A993-DFEA861C5187}.Debug|Any CPU.ActiveCfg = Debug|Any CPU
		{7EBDA2C8-D106-4598-A993-DFEA861C5187}.Debug|Any CPU.Build.0 = Debug|Any CPU
		{7EBDA2C8-D106-4598-A993-DFEA861C5187}.Release|Any CPU.ActiveCfg = Release|Any CPU
		{7EBDA2C8-D106-4598-A993-DFEA861C5187}.Release|Any CPU.Build.0 = Release|Any CPU
	EndGlobalSection
	GlobalSection(SolutionProperties) = preSolution
		HideSolutionNode = FALSE
	EndGlobalSection
	GlobalSection(ExtensibilityGlobals) = postSolution
		SolutionGuid = {F6ABC73B-4A29-435E-9D8F-F19FAC1D4FC3}
	EndGlobalSection
EndGlobal
