
Microsoft Visual Studio Solution File, Format Version 12.00
# Visual Studio Version 17
VisualStudioVersion = 17.14.37314.3 d17.14
MinimumVisualStudioVersion = 10.0.40219.1
Project("{FAE04EC0-301F-11D3-BF4B-00C04F79EFBC}") = "NIX.OOP.Inheritance", "NIX.OOP.Inheritance.csproj", "{D3A8BF55-DE29-413F-9E34-86211F1E87AB}"
EndProject
Global
	GlobalSection(SolutionConfigurationPlatforms) = preSolution
		Debug|Any CPU = Debug|Any CPU
		Release|Any CPU = Release|Any CPU
	EndGlobalSection
	GlobalSection(ProjectConfigurationPlatforms) = postSolution
		{D3A8BF55-DE29-413F-9E34-86211F1E87AB}.Debug|Any CPU.ActiveCfg = Debug|Any CPU
		{D3A8BF55-DE29-413F-9E34-86211F1E87AB}.Debug|Any CPU.Build.0 = Debug|Any CPU
		{D3A8BF55-DE29-413F-9E34-86211F1E87AB}.Release|Any CPU.ActiveCfg = Release|Any CPU
		{D3A8BF55-DE29-413F-9E34-86211F1E87AB}.Release|Any CPU.Build.0 = Release|Any CPU
	EndGlobalSection
	GlobalSection(SolutionProperties) = preSolution
		HideSolutionNode = FALSE
	EndGlobalSection
	GlobalSection(ExtensibilityGlobals) = postSolution
		SolutionGuid = {CC7A7A07-B743-4FB9-B941-7E367332368D}
	EndGlobalSection
EndGlobal
